
Microsoft Visual Studio Solution File, Format Version 12.00
# Visual Studio Version 17
VisualStudioVersion = 17.8.34330.188
MinimumVisualStudioVersion = 10.0.40219.1
Project("{2150E333-8FDC-42A3-9474-1A3956D46DE8}") = "Solution Items", "Solution Items", "{C4A1CDE3-F87A-4EE9-A5CB-CABC94C7695C}"
	ProjectSection(SolutionItems) = preProject
		.gitignore = .gitignore
		README.md = README.md
	EndProjectSection
EndProject
Project("{FAE04EC0-301F-11D3-BF4B-00C04F79EFBC}") = "Core", "Core\Core.csproj", "{34EC81F1-312C-4344-BE3D-D836509A7E96}"
EndProject
Project("{FAE04EC0-301F-11D3-BF4B-00C04F79EFBC}") = "Infrastructure", "Infrastructure\Infrastructure.csproj", "{C1B8A617-158F-478E-B05B-E587B4FBE51D}"
EndProject
Project("{54A90642-561A-4BB1-A94E-469ADEE60C69}") = "WebFrontend", "WebFrontend\WebFrontend.esproj", "{95CF25EE-30E9-49E2-A2B1-EBE74604F45C}"
EndProject
Project("{FAE04EC0-301F-11D3-BF4B-00C04F79EFBC}") = "WebBackend", "WebBackend\WebBackend.csproj", "{0DC2F5BA-FF07-4C61-9249-4771BED83AB4}"
EndProject
Global
	GlobalSection(SolutionConfigurationPlatforms) = preSolution
		Debug|Any CPU = Debug|Any CPU
		Release|Any CPU = Release|Any CPU
	EndGlobalSection
	GlobalSection(ProjectConfigurationPlatforms) = postSolution
		{34EC81F1-312C-4344-BE3D-D836509A7E96}.Debug|Any CPU.ActiveCfg = Debug|Any CPU
		{34EC81F1-312C-4344-BE3D-D836509A7E96}.Debug|Any CPU.Build.0 = Debug|Any CPU
		{34EC81F1-312C-4344-BE3D-D836509A7E96}.Release|Any CPU.ActiveCfg = Release|Any CPU
		{34EC81F1-312C-4344-BE3D-D836509A7E96}.Release|Any CPU.Build.0 = Release|Any CPU
		{C1B8A617-158F-478E-B05B-E587B4FBE51D}.Debug|Any CPU.ActiveCfg = Debug|Any CPU
		{C1B8A617-158F-478E-B05B-E587B4FBE51D}.Debug|Any CPU.Build.0 = Debug|Any CPU
		{C1B8A617-158F-478E-B05B-E587B4FBE51D}.Release|Any CPU.ActiveCfg = Release|Any CPU
		{C1B8A617-158F-478E-B05B-E587B4FBE51D}.Release|Any CPU.Build.0 = Release|Any CPU
		{95CF25EE-30E9-49E2-A2B1-EBE74604F45C}.Debug|Any CPU.ActiveCfg = Debug|Any CPU
		{95CF25EE-30E9-49E2-A2B1-EBE74604F45C}.Debug|Any CPU.Build.0 = Debug|Any CPU
		{95CF25EE-30E9-49E2-A2B1-EBE74604F45C}.Debug|Any CPU.Deploy.0 = Debug|Any CPU
		{95CF25EE-30E9-49E2-A2B1-EBE74604F45C}.Release|Any CPU.ActiveCfg = Release|Any CPU
		{95CF25EE-30E9-49E2-A2B1-EBE74604F45C}.Release|Any CPU.Build.0 = Release|Any CPU
		{95CF25EE-30E9-49E2-A2B1-EBE74604F45C}.Release|Any CPU.Deploy.0 = Release|Any CPU
		{0DC2F5BA-FF07-4C61-9249-4771BED83AB4}.Debug|Any CPU.ActiveCfg = Debug|Any CPU
		{0DC2F5BA-FF07-4C61-9249-4771BED83AB4}.Debug|Any CPU.Build.0 = Debug|Any CPU
		{0DC2F5BA-FF07-4C61-9249-4771BED83AB4}.Release|Any CPU.ActiveCfg = Release|Any CPU
		{0DC2F5BA-FF07-4C61-9249-4771BED83AB4}.Release|Any CPU.Build.0 = Release|Any CPU
	EndGlobalSection
	GlobalSection(SolutionProperties) = preSolution
		HideSolutionNode = FALSE
	EndGlobalSection
	GlobalSection(ExtensibilityGlobals) = postSolution
		SolutionGuid = {6ADF2838-D625-4541-9C89-715590811A5A}
	EndGlobalSection
EndGlobal
